# This file is autogenerated, do not edit; changes may be undone by the next 'dep ensure'.


[[projects]]
  name = "golang.org/x/net"
  packages = ["websocket"]
  revision = "7e42c0e1329bb108f7376a7618a2871ab90f1c4d"

[solve-meta]
  analyzer-name = "dep"
  analyzer-version = 1
  inputs-digest = "e34aa5fc3db028fe4c812ea2b6db2c3192ea6a0f0de400266d2f24a2d3b9aad1"
  solver-name = "gps-cdcl"
  solver-version = 1
